
Microsoft Visual Studio Solution File, Format Version 12.00
# Visual Studio Version 17
VisualStudioVersion = 17.3.32901.215
MinimumVisualStudioVersion = 10.0.40219.1
Project("{FAE04EC0-301F-11D3-BF4B-00C04F79EFBC}") = "laboratorka22", "laboratorka22\laboratorka22.csproj", "{6AE53E5E-AE56-49BE-9E49-193C443E7720}"
EndProject
Global
	GlobalSection(SolutionConfigurationPlatforms) = preSolution
		Debug|Any CPU = Debug|Any CPU
		Release|Any CPU = Release|Any CPU
	EndGlobalSection
	GlobalSection(ProjectConfigurationPlatforms) = postSolution
		{6AE53E5E-AE56-49BE-9E49-193C443E7720}.Debug|Any CPU.ActiveCfg = Debug|Any CPU
		{6AE53E5E-AE56-49BE-9E49-193C443E7720}.Debug|Any CPU.Build.0 = Debug|Any CPU
		{6AE53E5E-AE56-49BE-9E49-193C443E7720}.Release|Any CPU.ActiveCfg = Release|Any CPU
		{6AE53E5E-AE56-49BE-9E49-193C443E7720}.Release|Any CPU.Build.0 = Release|Any CPU
	EndGlobalSection
	GlobalSection(SolutionProperties) = preSolution
		HideSolutionNode = FALSE
	EndGlobalSection
	GlobalSection(ExtensibilityGlobals) = postSolution
		SolutionGuid = {CC4EB4D9-3272-4149-80B8-6EC36155B40C}
	EndGlobalSection
EndGlobal
