
Microsoft Visual Studio Solution File, Format Version 12.00
# Visual Studio Version 17
VisualStudioVersion = 17.3.32901.215
MinimumVisualStudioVersion = 10.0.40219.1
Project("{FAE04EC0-301F-11D3-BF4B-00C04F79EFBC}") = "laboratorka 14", "laboratorka 14\laboratorka 14.csproj", "{11271829-233E-420C-825C-3DB61B5F72E3}"
EndProject
Global
	GlobalSection(SolutionConfigurationPlatforms) = preSolution
		Debug|Any CPU = Debug|Any CPU
		Release|Any CPU = Release|Any CPU
	EndGlobalSection
	GlobalSection(ProjectConfigurationPlatforms) = postSolution
		{11271829-233E-420C-825C-3DB61B5F72E3}.Debug|Any CPU.ActiveCfg = Debug|Any CPU
		{11271829-233E-420C-825C-3DB61B5F72E3}.Debug|Any CPU.Build.0 = Debug|Any CPU
		{11271829-233E-420C-825C-3DB61B5F72E3}.Release|Any CPU.ActiveCfg = Release|Any CPU
		{11271829-233E-420C-825C-3DB61B5F72E3}.Release|Any CPU.Build.0 = Release|Any CPU
	EndGlobalSection
	GlobalSection(SolutionProperties) = preSolution
		HideSolutionNode = FALSE
	EndGlobalSection
	GlobalSection(ExtensibilityGlobals) = postSolution
		SolutionGuid = {A58B2363-4F75-4B07-9A0C-557A66184F66}
	EndGlobalSection
EndGlobal
